
Microsoft Visual Studio Solution File, Format Version 12.00
# Visual Studio 15
Project("{FAE04EC0-301F-11D3-BF4B-00C04F79EFBC}") = "Assembly-CSharp", "Assembly-CSharp.csproj", "{E4E7AB9F-0928-8BBE-91CA-3B66EFE9112C}"
EndProject
Project("{FAE04EC0-301F-11D3-BF4B-00C04F79EFBC}") = "SteamVR", "SteamVR.csproj", "{FDF6F4DA-15EC-060D-D5DB-1231A8ED5D44}"
EndProject
Project("{FAE04EC0-301F-11D3-BF4B-00C04F79EFBC}") = "SteamVR_Actions", "SteamVR_Actions.csproj", "{E1BAA539-284E-D7B9-9FC2-40729A1159FB}"
EndProject
Project("{FAE04EC0-301F-11D3-BF4B-00C04F79EFBC}") = "SteamVR_Editor", "SteamVR_Editor.csproj", "{324C1102-FD4D-488B-1CD2-69DFA9217A5B}"
EndProject
Project("{FAE04EC0-301F-11D3-BF4B-00C04F79EFBC}") = "Assembly-CSharp-Editor", "Assembly-CSharp-Editor.csproj", "{F7342B72-6B96-3745-DFAD-A20B4C44493D}"
EndProject
Project("{FAE04EC0-301F-11D3-BF4B-00C04F79EFBC}") = "SteamVR_Input_Editor", "SteamVR_Input_Editor.csproj", "{8CAB0E66-9A00-F339-4537-F62BD43ACE80}"
EndProject
Project("{FAE04EC0-301F-11D3-BF4B-00C04F79EFBC}") = "SteamVR_Windows_EditorHelper", "SteamVR_Windows_EditorHelper.csproj", "{20F3FD0E-C27D-06B0-E4EA-D5E29A31AD88}"
EndProject
Global
	GlobalSection(SolutionConfigurationPlatforms) = preSolution
		Debug|Any CPU = Debug|Any CPU
		Release|Any CPU = Release|Any CPU
	EndGlobalSection
	GlobalSection(ProjectConfigurationPlatforms) = postSolution
		{E4E7AB9F-0928-8BBE-91CA-3B66EFE9112C}.Debug|Any CPU.ActiveCfg = Debug|Any CPU
		{E4E7AB9F-0928-8BBE-91CA-3B66EFE9112C}.Debug|Any CPU.Build.0 = Debug|Any CPU
		{E4E7AB9F-0928-8BBE-91CA-3B66EFE9112C}.Release|Any CPU.ActiveCfg = Release|Any CPU
		{E4E7AB9F-0928-8BBE-91CA-3B66EFE9112C}.Release|Any CPU.Build.0 = Release|Any CPU
		{FDF6F4DA-15EC-060D-D5DB-1231A8ED5D44}.Debug|Any CPU.ActiveCfg = Debug|Any CPU
		{FDF6F4DA-15EC-060D-D5DB-1231A8ED5D44}.Debug|Any CPU.Build.0 = Debug|Any CPU
		{FDF6F4DA-15EC-060D-D5DB-1231A8ED5D44}.Release|Any CPU.ActiveCfg = Release|Any CPU
		{FDF6F4DA-15EC-060D-D5DB-1231A8ED5D44}.Release|Any CPU.Build.0 = Release|Any CPU
		{E1BAA539-284E-D7B9-9FC2-40729A1159FB}.Debug|Any CPU.ActiveCfg = Debug|Any CPU
		{E1BAA539-284E-D7B9-9FC2-40729A1159FB}.Debug|Any CPU.Build.0 = Debug|Any CPU
		{E1BAA539-284E-D7B9-9FC2-40729A1159FB}.Release|Any CPU.ActiveCfg = Release|Any CPU
		{E1BAA539-284E-D7B9-9FC2-40729A1159FB}.Release|Any CPU.Build.0 = Release|Any CPU
		{324C1102-FD4D-488B-1CD2-69DFA9217A5B}.Debug|Any CPU.ActiveCfg = Debug|Any CPU
		{324C1102-FD4D-488B-1CD2-69DFA9217A5B}.Debug|Any CPU.Build.0 = Debug|Any CPU
		{324C1102-FD4D-488B-1CD2-69DFA9217A5B}.Release|Any CPU.ActiveCfg = Release|Any CPU
		{324C1102-FD4D-488B-1CD2-69DFA9217A5B}.Release|Any CPU.Build.0 = Release|Any CPU
		{F7342B72-6B96-3745-DFAD-A20B4C44493D}.Debug|Any CPU.ActiveCfg = Debug|Any CPU
		{F7342B72-6B96-3745-DFAD-A20B4C44493D}.Debug|Any CPU.Build.0 = Debug|Any CPU
		{F7342B72-6B96-3745-DFAD-A20B4C44493D}.Release|Any CPU.ActiveCfg = Release|Any CPU
		{F7342B72-6B96-3745-DFAD-A20B4C44493D}.Release|Any CPU.Build.0 = Release|Any CPU
		{8CAB0E66-9A00-F339-4537-F62BD43ACE80}.Debug|Any CPU.ActiveCfg = Debug|Any CPU
		{8CAB0E66-9A00-F339-4537-F62BD43ACE80}.Debug|Any CPU.Build.0 = Debug|Any CPU
		{8CAB0E66-9A00-F339-4537-F62BD43ACE80}.Release|Any CPU.ActiveCfg = Release|Any CPU
		{8CAB0E66-9A00-F339-4537-F62BD43ACE80}.Release|Any CPU.Build.0 = Release|Any CPU
		{20F3FD0E-C27D-06B0-E4EA-D5E29A31AD88}.Debug|Any CPU.ActiveCfg = Debug|Any CPU
		{20F3FD0E-C27D-06B0-E4EA-D5E29A31AD88}.Debug|Any CPU.Build.0 = Debug|Any CPU
		{20F3FD0E-C27D-06B0-E4EA-D5E29A31AD88}.Release|Any CPU.ActiveCfg = Release|Any CPU
		{20F3FD0E-C27D-06B0-E4EA-D5E29A31AD88}.Release|Any CPU.Build.0 = Release|Any CPU
	EndGlobalSection
	GlobalSection(SolutionProperties) = preSolution
		HideSolutionNode = FALSE
	EndGlobalSection
EndGlobal
