
Microsoft Visual Studio Solution File, Format Version 11.00
# Visual Studio 2010
Project("{FAE04EC0-301F-11D3-BF4B-00C04F79EFBC}") = "SteamVR", "SteamVR.csproj", "{4d50b846-f6ef-1e00-b354-2b719d648a3d}"
EndProject
Project("{FAE04EC0-301F-11D3-BF4B-00C04F79EFBC}") = "SteamVR_Actions", "SteamVR_Actions.csproj", "{62e41b43-95ba-5675-55fb-36294d9db271}"
EndProject
Project("{FAE04EC0-301F-11D3-BF4B-00C04F79EFBC}") = "Assembly-CSharp", "Assembly-CSharp.csproj", "{7ab5aa74-af9e-ba17-22b0-5daf6ce97440}"
EndProject
Project("{FAE04EC0-301F-11D3-BF4B-00C04F79EFBC}") = "SteamVR_Input_Editor", "SteamVR_Input_Editor.csproj", "{b4a87f50-2767-b782-cfba-e16d84e0030b}"
EndProject
Project("{FAE04EC0-301F-11D3-BF4B-00C04F79EFBC}") = "SteamVR_Editor", "SteamVR_Editor.csproj", "{f797fa0c-eecb-ba73-0ff2-69791e690ff1}"
EndProject
Project("{FAE04EC0-301F-11D3-BF4B-00C04F79EFBC}") = "SteamVR_Windows_EditorHelper", "SteamVR_Windows_EditorHelper.csproj", "{d1944cb2-8175-8076-f65c-1eac29271500}"
EndProject
Global
	GlobalSection(SolutionConfigurationPlatforms) = preSolution
		Debug|Any CPU = Debug|Any CPU
	EndGlobalSection
	GlobalSection(ProjectConfigurationPlatforms) = postSolution
		{4d50b846-f6ef-1e00-b354-2b719d648a3d}.Debug|Any CPU.ActiveCfg = Debug|Any CPU
		{4d50b846-f6ef-1e00-b354-2b719d648a3d}.Debug|Any CPU.Build.0 = Debug|Any CPU
		{62e41b43-95ba-5675-55fb-36294d9db271}.Debug|Any CPU.ActiveCfg = Debug|Any CPU
		{62e41b43-95ba-5675-55fb-36294d9db271}.Debug|Any CPU.Build.0 = Debug|Any CPU
		{7ab5aa74-af9e-ba17-22b0-5daf6ce97440}.Debug|Any CPU.ActiveCfg = Debug|Any CPU
		{7ab5aa74-af9e-ba17-22b0-5daf6ce97440}.Debug|Any CPU.Build.0 = Debug|Any CPU
		{b4a87f50-2767-b782-cfba-e16d84e0030b}.Debug|Any CPU.ActiveCfg = Debug|Any CPU
		{b4a87f50-2767-b782-cfba-e16d84e0030b}.Debug|Any CPU.Build.0 = Debug|Any CPU
		{f797fa0c-eecb-ba73-0ff2-69791e690ff1}.Debug|Any CPU.ActiveCfg = Debug|Any CPU
		{f797fa0c-eecb-ba73-0ff2-69791e690ff1}.Debug|Any CPU.Build.0 = Debug|Any CPU
		{d1944cb2-8175-8076-f65c-1eac29271500}.Debug|Any CPU.ActiveCfg = Debug|Any CPU
		{d1944cb2-8175-8076-f65c-1eac29271500}.Debug|Any CPU.Build.0 = Debug|Any CPU
	EndGlobalSection
	GlobalSection(SolutionProperties) = preSolution
		HideSolutionNode = FALSE
	EndGlobalSection
EndGlobal
